// !$*UTF8*$!
{
	archiveVersion = 1;
	classes = {
	};
	objectVersion = 56;
	objects = {

/* Begin PBXBuildFile section */
		82E3852A2C80CF4C0015212A /* Itemm.swift in Sources */ = {isa = PBXBuildFile; fileRef = 82E385292C80CF4C0015212A /* Itemm.swift */; };
		82E3852D2C80D1B10015212A /* Entry.swift in Sources */ = {isa = PBXBuildFile; fileRef = 82E3852C2C80D1B10015212A /* Entry.swift */; };
		82E385312C80D5BA0015212A /* ViewModel.swift in Sources */ = {isa = PBXBuildFile; fileRef = 82E385302C80D5BA0015212A /* ViewModel.swift */; };
		82F3FED72C80C4B10090B040 /* MVVMExampleApp.swift in Sources */ = {isa = PBXBuildFile; fileRef = 82F3FED62C80C4B10090B040 /* MVVMExampleApp.swift */; };
		82F3FED92C80C4B10090B040 /* ContentView.swift in Sources */ = {isa = PBXBuildFile; fileRef = 82F3FED82C80C4B10090B040 /* ContentView.swift */; };
		82F3FEDB2C80C4B20090B040 /* Assets.xcassets in Resources */ = {isa = PBXBuildFile; fileRef = 82F3FEDA2C80C4B20090B040 /* Assets.xcassets */; };
		82F3FEDE2C80C4B20090B040 /* Preview Assets.xcassets in Resources */ = {isa = PBXBuildFile; fileRef = 82F3FEDD2C80C4B20090B040 /* Preview Assets.xcassets */; };
		82F3FEE02C80C4B20090B040 /* Persistence.swift in Sources */ = {isa = PBXBuildFile; fileRef = 82F3FEDF2C80C4B20090B040 /* Persistence.swift */; };
		82F3FEE32C80C4B20090B040 /* MVVMExample.xcdatamodeld in Sources */ = {isa = PBXBuildFile; fileRef = 82F3FEE12C80C4B20090B040 /* MVVMExample.xcdatamodeld */; };
		82F3FEED2C80C4B20090B040 /* MVVMExampleTests.swift in Sources */ = {isa = PBXBuildFile; fileRef = 82F3FEEC2C80C4B20090B040 /* MVVMExampleTests.swift */; };
		82F3FEF72C80C4B20090B040 /* MVVMExampleUITests.swift in Sources */ = {isa = PBXBuildFile; fileRef = 82F3FEF62C80C4B20090B040 /* MVVMExampleUITests.swift */; };
		82F3FEF92C80C4B20090B040 /* MVVMExampleUITestsLaunchTests.swift in Sources */ = {isa = PBXBuildFile; fileRef = 82F3FEF82C80C4B20090B040 /* MVVMExampleUITestsLaunchTests.swift */; };
/* End PBXBuildFile section */

/* Begin PBXContainerItemProxy section */
		82F3FEE92C80C4B20090B040 /* PBXContainerItemProxy */ = {
			isa = PBXContainerItemProxy;
			containerPortal = 82F3FECB2C80C4B10090B040 /* Project object */;
			proxyType = 1;
			remoteGlobalIDString = 82F3FED22C80C4B10090B040;
			remoteInfo = MVVMExample;
		};
		82F3FEF32C80C4B20090B040 /* PBXContainerItemProxy */ = {
			isa = PBXContainerItemProxy;
			containerPortal = 82F3FECB2C80C4B10090B040 /* Project object */;
			proxyType = 1;
			remoteGlobalIDString = 82F3FED22C80C4B10090B040;
			remoteInfo = MVVMExample;
		};
/* End PBXContainerItemProxy section */

/* Begin PBXFileReference section */
		82E385292C80CF4C0015212A /* Itemm.swift */ = {isa = PBXFileReference; lastKnownFileType = sourcecode.swift; path = Itemm.swift; sourceTree = "<group>"; };
		82E3852C2C80D1B10015212A /* Entry.swift */ = {isa = PBXFileReference; lastKnownFileType = sourcecode.swift; path = Entry.swift; sourceTree = "<group>"; };
		82E385302C80D5BA0015212A /* ViewModel.swift */ = {isa = PBXFileReference; lastKnownFileType = sourcecode.swift; path = ViewModel.swift; sourceTree = "<group>"; };
		82F3FED32C80C4B10090B040 /* MVVMExample.app */ = {isa = PBXFileReference; explicitFileType = wrapper.application; includeInIndex = 0; path = MVVMExample.app; sourceTree = BUILT_PRODUCTS_DIR; };
		82F3FED62C80C4B10090B040 /* MVVMExampleApp.swift */ = {isa = PBXFileReference; lastKnownFileType = sourcecode.swift; path = MVVMExampleApp.swift; sourceTree = "<group>"; };
		82F3FED82C80C4B10090B040 /* ContentView.swift */ = {isa = PBXFileReference; lastKnownFileType = sourcecode.swift; path = ContentView.swift; sourceTree = "<group>"; };
		82F3FEDA2C80C4B20090B040 /* Assets.xcassets */ = {isa = PBXFileReference; lastKnownFileType = folder.assetcatalog; path = Assets.xcassets; sourceTree = "<group>"; };
		82F3FEDD2C80C4B20090B040 /* Preview Assets.xcassets */ = {isa = PBXFileReference; lastKnownFileType = folder.assetcatalog; path = "Preview Assets.xcassets"; sourceTree = "<group>"; };
		82F3FEDF2C80C4B20090B040 /* Persistence.swift */ = {isa = PBXFileReference; lastKnownFileType = sourcecode.swift; path = Persistence.swift; sourceTree = "<group>"; };
		82F3FEE22C80C4B20090B040 /* MVVMExample.xcdatamodel */ = {isa = PBXFileReference; lastKnownFileType = wrapper.xcdatamodel; path = MVVMExample.xcdatamodel; sourceTree = "<group>"; };
		82F3FEE82C80C4B20090B040 /* MVVMExampleTests.xctest */ = {isa = PBXFileReference; explicitFileType = wrapper.cfbundle; includeInIndex = 0; path = MVVMExampleTests.xctest; sourceTree = BUILT_PRODUCTS_DIR; };
		82F3FEEC2C80C4B20090B040 /* MVVMExampleTests.swift */ = {isa = PBXFileReference; lastKnownFileType = sourcecode.swift; path = MVVMExampleTests.swift; sourceTree = "<group>"; };
		82F3FEF22C80C4B20090B040 /* MVVMExampleUITests.xctest */ = {isa = PBXFileReference; explicitFileType = wrapper.cfbundle; includeInIndex = 0; path = MVVMExampleUITests.xctest; sourceTree = BUILT_PRODUCTS_DIR; };
		82F3FEF62C80C4B20090B040 /* MVVMExampleUITests.swift */ = {isa = PBXFileReference; lastKnownFileType = sourcecode.swift; path = MVVMExampleUITests.swift; sourceTree = "<group>"; };
		82F3FEF82C80C4B20090B040 /* MVVMExampleUITestsLaunchTests.swift */ = {isa = PBXFileReference; lastKnownFileType = sourcecode.swift; path = MVVMExampleUITestsLaunchTests.swift; sourceTree = "<group>"; };
/* End PBXFileReference section */

/* Begin PBXFrameworksBuildPhase section */
		82F3FED02C80C4B10090B040 /* Frameworks */ = {
			isa = PBXFrameworksBuildPhase;
			buildActionMask = 2147483647;
			files = (
			);
			runOnlyForDeploymentPostprocessing = 0;
		};
		82F3FEE52C80C4B20090B040 /* Frameworks */ = {
			isa = PBXFrameworksBuildPhase;
			buildActionMask = 2147483647;
			files = (
			);
			runOnlyForDeploymentPostprocessing = 0;
		};
		82F3FEEF2C80C4B20090B040 /* Frameworks */ = {
			isa = PBXFrameworksBuildPhase;
			buildActionMask = 2147483647;
			files = (
			);
			runOnlyForDeploymentPostprocessing = 0;
		};
/* End PBXFrameworksBuildPhase section */

/* Begin PBXGroup section */
		82E3852B2C80D19B0015212A /* Views */ = {
			isa = PBXGroup;
			children = (
				82E3852C2C80D1B10015212A /* Entry.swift */,
			);
			path = Views;
			sourceTree = "<group>";
		};
		82E3852E2C80D5700015212A /* ViewModels */ = {
			isa = PBXGroup;
			children = (
				82E385302C80D5BA0015212A /* ViewModel.swift */,
			);
			path = ViewModels;
			sourceTree = "<group>";
		};
		82E3852F2C80D5900015212A /* Models */ = {
			isa = PBXGroup;
			children = (
				82E385292C80CF4C0015212A /* Itemm.swift */,
			);
			path = Models;
			sourceTree = "<group>";
		};
		82F3FECA2C80C4B10090B040 = {
			isa = PBXGroup;
			children = (
				82F3FED52C80C4B10090B040 /* MVVMExample */,
				82F3FEEB2C80C4B20090B040 /* MVVMExampleTests */,
				82F3FEF52C80C4B20090B040 /* MVVMExampleUITests */,
				82F3FED42C80C4B10090B040 /* Products */,
			);
			sourceTree = "<group>";
		};
		82F3FED42C80C4B10090B040 /* Products */ = {
			isa = PBXGroup;
			children = (
				82F3FED32C80C4B10090B040 /* MVVMExample.app */,
				82F3FEE82C80C4B20090B040 /* MVVMExampleTests.xctest */,
				82F3FEF22C80C4B20090B040 /* MVVMExampleUITests.xctest */,
			);
			name = Products;
			sourceTree = "<group>";
		};
		82F3FED52C80C4B10090B040 /* MVVMExample */ = {
			isa = PBXGroup;
			children = (
				82F3FED62C80C4B10090B040 /* MVVMExampleApp.swift */,
				82F3FED82C80C4B10090B040 /* ContentView.swift */,
				82E3852F2C80D5900015212A /* Models */,
				82E3852E2C80D5700015212A /* ViewModels */,
				82E3852B2C80D19B0015212A /* Views */,
				82F3FEDA2C80C4B20090B040 /* Assets.xcassets */,
				82F3FEDF2C80C4B20090B040 /* Persistence.swift */,
				82F3FEE12C80C4B20090B040 /* MVVMExample.xcdatamodeld */,
				82F3FEDC2C80C4B20090B040 /* Preview Content */,
			);
			path = MVVMExample;
			sourceTree = "<group>";
		};
		82F3FEDC2C80C4B20090B040 /* Preview Content */ = {
			isa = PBXGroup;
			children = (
				82F3FEDD2C80C4B20090B040 /* Preview Assets.xcassets */,
			);
			path = "Preview Content";
			sourceTree = "<group>";
		};
		82F3FEEB2C80C4B20090B040 /* MVVMExampleTests */ = {
			isa = PBXGroup;
			children = (
				82F3FEEC2C80C4B20090B040 /* MVVMExampleTests.swift */,
			);
			path = MVVMExampleTests;
			sourceTree = "<group>";
		};
		82F3FEF52C80C4B20090B040 /* MVVMExampleUITests */ = {
			isa = PBXGroup;
			children = (
				82F3FEF62C80C4B20090B040 /* MVVMExampleUITests.swift */,
				82F3FEF82C80C4B20090B040 /* MVVMExampleUITestsLaunchTests.swift */,
			);
			path = MVVMExampleUITests;
			sourceTree = "<group>";
		};
/* End PBXGroup section */

/* Begin PBXNativeTarget section */
		82F3FED22C80C4B10090B040 /* MVVMExample */ = {
			isa = PBXNativeTarget;
			buildConfigurationList = 82F3FEFC2C80C4B20090B040 /* Build configuration list for PBXNativeTarget "MVVMExample" */;
			buildPhases = (
				82F3FECF2C80C4B10090B040 /* Sources */,
				82F3FED02C80C4B10090B040 /* Frameworks */,
				82F3FED12C80C4B10090B040 /* Resources */,
			);
			buildRules = (
			);
			dependencies = (
			);
			name = MVVMExample;
			productName = MVVMExample;
			productReference = 82F3FED32C80C4B10090B040 /* MVVMExample.app */;
			productType = "com.apple.product-type.application";
		};
		82F3FEE72C80C4B20090B040 /* MVVMExampleTests */ = {
			isa = PBXNativeTarget;
			buildConfigurationList = 82F3FEFF2C80C4B20090B040 /* Build configuration list for PBXNativeTarget "MVVMExampleTests" */;
			buildPhases = (
				82F3FEE42C80C4B20090B040 /* Sources */,
				82F3FEE52C80C4B20090B040 /* Frameworks */,
				82F3FEE62C80C4B20090B040 /* Resources */,
			);
			buildRules = (
			);
			dependencies = (
				82F3FEEA2C80C4B20090B040 /* PBXTargetDependency */,
			);
			name = MVVMExampleTests;
			productName = MVVMExampleTests;
			productReference = 82F3FEE82C80C4B20090B040 /* MVVMExampleTests.xctest */;
			productType = "com.apple.product-type.bundle.unit-test";
		};
		82F3FEF12C80C4B20090B040 /* MVVMExampleUITests */ = {
			isa = PBXNativeTarget;
			buildConfigurationList = 82F3FF022C80C4B20090B040 /* Build configuration list for PBXNativeTarget "MVVMExampleUITests" */;
			buildPhases = (
				82F3FEEE2C80C4B20090B040 /* Sources */,
				82F3FEEF2C80C4B20090B040 /* Frameworks */,
				82F3FEF02C80C4B20090B040 /* Resources */,
			);
			buildRules = (
			);
			dependencies = (
				82F3FEF42C80C4B20090B040 /* PBXTargetDependency */,
			);
			name = MVVMExampleUITests;
			productName = MVVMExampleUITests;
			productReference = 82F3FEF22C80C4B20090B040 /* MVVMExampleUITests.xctest */;
			productType = "com.apple.product-type.bundle.ui-testing";
		};
/* End PBXNativeTarget section */

/* Begin PBXProject section */
		82F3FECB2C80C4B10090B040 /* Project object */ = {
			isa = PBXProject;
			attributes = {
				BuildIndependentTargetsInParallel = 1;
				LastSwiftUpdateCheck = 1520;
				LastUpgradeCheck = 1520;
				TargetAttributes = {
					82F3FED22C80C4B10090B040 = {
						CreatedOnToolsVersion = 15.2;
					};
					82F3FEE72C80C4B20090B040 = {
						CreatedOnToolsVersion = 15.2;
						TestTargetID = 82F3FED22C80C4B10090B040;
					};
					82F3FEF12C80C4B20090B040 = {
						CreatedOnToolsVersion = 15.2;
						TestTargetID = 82F3FED22C80C4B10090B040;
					};
				};
			};
			buildConfigurationList = 82F3FECE2C80C4B10090B040 /* Build configuration list for PBXProject "MVVMExample" */;
			compatibilityVersion = "Xcode 14.0";
			developmentRegion = en;
			hasScannedForEncodings = 0;
			knownRegions = (
				en,
				Base,
			);
			mainGroup = 82F3FECA2C80C4B10090B040;
			productRefGroup = 82F3FED42C80C4B10090B040 /* Products */;
			projectDirPath = "";
			projectRoot = "";
			targets = (
				82F3FED22C80C4B10090B040 /* MVVMExample */,
				82F3FEE72C80C4B20090B040 /* MVVMExampleTests */,
				82F3FEF12C80C4B20090B040 /* MVVMExampleUITests */,
			);
		};
/* End PBXProject section */

/* Begin PBXResourcesBuildPhase section */
		82F3FED12C80C4B10090B040 /* Resources */ = {
			isa = PBXResourcesBuildPhase;
			buildActionMask = 2147483647;
			files = (
				82F3FEDE2C80C4B20090B040 /* Preview Assets.xcassets in Resources */,
				82F3FEDB2C80C4B20090B040 /* Assets.xcassets in Resources */,
			);
			runOnlyForDeploymentPostprocessing = 0;
		};
		82F3FEE62C80C4B20090B040 /* Resources */ = {
			isa = PBXResourcesBuildPhase;
			buildActionMask = 2147483647;
			files = (
			);
			runOnlyForDeploymentPostprocessing = 0;
		};
		82F3FEF02C80C4B20090B040 /* Resources */ = {
			isa = PBXResourcesBuildPhase;
			buildActionMask = 2147483647;
			files = (
			);
			runOnlyForDeploymentPostprocessing = 0;
		};
/* End PBXResourcesBuildPhase section */

/* Begin PBXSourcesBuildPhase section */
		82F3FECF2C80C4B10090B040 /* Sources */ = {
			isa = PBXSourcesBuildPhase;
			buildActionMask = 2147483647;
			files = (
				82E3852D2C80D1B10015212A /* Entry.swift in Sources */,
				82E3852A2C80CF4C0015212A /* Itemm.swift in Sources */,
				82F3FEE02C80C4B20090B040 /* Persistence.swift in Sources */,
				82F3FED92C80C4B10090B040 /* ContentView.swift in Sources */,
				82F3FEE32C80C4B20090B040 /* MVVMExample.xcdatamodeld in Sources */,
				82F3FED72C80C4B10090B040 /* MVVMExampleApp.swift in Sources */,
				82E385312C80D5BA0015212A /* ViewModel.swift in Sources */,
			);
			runOnlyForDeploymentPostprocessing = 0;
		};
		82F3FEE42C80C4B20090B040 /* Sources */ = {
			isa = PBXSourcesBuildPhase;
			buildActionMask = 2147483647;
			files = (
				82F3FEED2C80C4B20090B040 /* MVVMExampleTests.swift in Sources */,
			);
			runOnlyForDeploymentPostprocessing = 0;
		};
		82F3FEEE2C80C4B20090B040 /* Sources */ = {
			isa = PBXSourcesBuildPhase;
			buildActionMask = 2147483647;
			files = (
				82F3FEF72C80C4B20090B040 /* MVVMExampleUITests.swift in Sources */,
				82F3FEF92C80C4B20090B040 /* MVVMExampleUITestsLaunchTests.swift in Sources */,
			);
			runOnlyForDeploymentPostprocessing = 0;
		};
/* End PBXSourcesBuildPhase section */

/* Begin PBXTargetDependency section */
		82F3FEEA2C80C4B20090B040 /* PBXTargetDependency */ = {
			isa = PBXTargetDependency;
			target = 82F3FED22C80C4B10090B040 /* MVVMExample */;
			targetProxy = 82F3FEE92C80C4B20090B040 /* PBXContainerItemProxy */;
		};
		82F3FEF42C80C4B20090B040 /* PBXTargetDependency */ = {
			isa = PBXTargetDependency;
			target = 82F3FED22C80C4B10090B040 /* MVVMExample */;
			targetProxy = 82F3FEF32C80C4B20090B040 /* PBXContainerItemProxy */;
		};
/* End PBXTargetDependency section */

/* Begin XCBuildConfiguration section */
		82F3FEFA2C80C4B20090B040 /* Debug */ = {
			isa = XCBuildConfiguration;
			buildSettings = {
				ALWAYS_SEARCH_USER_PATHS = NO;
				ASSETCATALOG_COMPILER_GENERATE_SWIFT_ASSET_SYMBOL_EXTENSIONS = YES;
				CLANG_ANALYZER_NONNULL = YES;
				CLANG_ANALYZER_NUMBER_OBJECT_CONVERSION = YES_AGGRESSIVE;
				CLANG_CXX_LANGUAGE_STANDARD = "gnu++20";
				CLANG_ENABLE_MODULES = YES;
				CLANG_ENABLE_OBJC_ARC = YES;
				CLANG_ENABLE_OBJC_WEAK = YES;
				CLANG_WARN_BLOCK_CAPTURE_AUTORELEASING = YES;
				CLANG_WARN_BOOL_CONVERSION = YES;
				CLANG_WARN_COMMA = YES;
				CLANG_WARN_CONSTANT_CONVERSION = YES;
				CLANG_WARN_DEPRECATED_OBJC_IMPLEMENTATIONS = YES;
				CLANG_WARN_DIRECT_OBJC_ISA_USAGE = YES_ERROR;
				CLANG_WARN_DOCUMENTATION_COMMENTS = YES;
				CLANG_WARN_EMPTY_BODY = YES;
				CLANG_WARN_ENUM_CONVERSION = YES;
				CLANG_WARN_INFINITE_RECURSION = YES;
				CLANG_WARN_INT_CONVERSION = YES;
				CLANG_WARN_NON_LITERAL_NULL_CONVERSION = YES;
				CLANG_WARN_OBJC_IMPLICIT_RETAIN_SELF = YES;
				CLANG_WARN_OBJC_LITERAL_CONVERSION = YES;
				CLANG_WARN_OBJC_ROOT_CLASS = YES_ERROR;
				CLANG_WARN_QUOTED_INCLUDE_IN_FRAMEWORK_HEADER = YES;
				CLANG_WARN_RANGE_LOOP_ANALYSIS = YES;
				CLANG_WARN_STRICT_PROTOTYPES = YES;
				CLANG_WARN_SUSPICIOUS_MOVE = YES;
				CLANG_WARN_UNGUARDED_AVAILABILITY = YES_AGGRESSIVE;
				CLANG_WARN_UNREACHABLE_CODE = YES;
				CLANG_WARN__DUPLICATE_METHOD_MATCH = YES;
				COPY_PHASE_STRIP = NO;
				DEBUG_INFORMATION_FORMAT = dwarf;
				ENABLE_STRICT_OBJC_MSGSEND = YES;
				ENABLE_TESTABILITY = YES;
				ENABLE_USER_SCRIPT_SANDBOXING = YES;
				GCC_C_LANGUAGE_STANDARD = gnu17;
				GCC_DYNAMIC_NO_PIC = NO;
				GCC_NO_COMMON_BLOCKS = YES;
				GCC_OPTIMIZATION_LEVEL = 0;
				GCC_PREPROCESSOR_DEFINITIONS = (
					"DEBUG=1",
					"$(inherited)",
				);
				GCC_WARN_64_TO_32_BIT_CONVERSION = YES;
				GCC_WARN_ABOUT_RETURN_TYPE = YES_ERROR;
				GCC_WARN_UNDECLARED_SELECTOR = YES;
				GCC_WARN_UNINITIALIZED_AUTOS = YES_AGGRESSIVE;
				GCC_WARN_UNUSED_FUNCTION = YES;
				GCC_WARN_UNUSED_VARIABLE = YES;
				IPHONEOS_DEPLOYMENT_TARGET = 17.2;
				LOCALIZATION_PREFERS_STRING_CATALOGS = YES;
				MTL_ENABLE_DEBUG_INFO = INCLUDE_SOURCE;
				MTL_FAST_MATH = YES;
				ONLY_ACTIVE_ARCH = YES;
				SDKROOT = iphoneos;
				SWIFT_ACTIVE_COMPILATION_CONDITIONS = "DEBUG $(inherited)";
				SWIFT_OPTIMIZATION_LEVEL = "-Onone";
			};
			name = Debug;
		};
		82F3FEFB2C80C4B20090B040 /* Release */ = {
			isa = XCBuildConfiguration;
			buildSettings = {
				ALWAYS_SEARCH_USER_PATHS = NO;
				ASSETCATALOG_COMPILER_GENERATE_SWIFT_ASSET_SYMBOL_EXTENSIONS = YES;
				CLANG_ANALYZER_NONNULL = YES;
				CLANG_ANALYZER_NUMBER_OBJECT_CONVERSION = YES_AGGRESSIVE;
				CLANG_CXX_LANGUAGE_STANDARD = "gnu++20";
				CLANG_ENABLE_MODULES = YES;
				CLANG_ENABLE_OBJC_ARC = YES;
				CLANG_ENABLE_OBJC_WEAK = YES;
				CLANG_WARN_BLOCK_CAPTURE_AUTORELEASING = YES;
				CLANG_WARN_BOOL_CONVERSION = YES;
				CLANG_WARN_COMMA = YES;
				CLANG_WARN_CONSTANT_CONVERSION = YES;
				CLANG_WARN_DEPRECATED_OBJC_IMPLEMENTATIONS = YES;
				CLANG_WARN_DIRECT_OBJC_ISA_USAGE = YES_ERROR;
				CLANG_WARN_DOCUMENTATION_COMMENTS = YES;
				CLANG_WARN_EMPTY_BODY = YES;
				CLANG_WARN_ENUM_CONVERSION = YES;
				CLANG_WARN_INFINITE_RECURSION = YES;
				CLANG_WARN_INT_CONVERSION = YES;
				CLANG_WARN_NON_LITERAL_NULL_CONVERSION = YES;
				CLANG_WARN_OBJC_IMPLICIT_RETAIN_SELF = YES;
				CLANG_WARN_OBJC_LITERAL_CONVERSION = YES;
				CLANG_WARN_OBJC_ROOT_CLASS = YES_ERROR;
				CLANG_WARN_QUOTED_INCLUDE_IN_FRAMEWORK_HEADER = YES;
				CLANG_WARN_RANGE_LOOP_ANALYSIS = YES;
				CLANG_WARN_STRICT_PROTOTYPES = YES;
				CLANG_WARN_SUSPICIOUS_MOVE = YES;
				CLANG_WARN_UNGUARDED_AVAILABILITY = YES_AGGRESSIVE;
				CLANG_WARN_UNREACHABLE_CODE = YES;
				CLANG_WARN__DUPLICATE_METHOD_MATCH = YES;
				COPY_PHASE_STRIP = NO;
				DEBUG_INFORMATION_FORMAT = "dwarf-with-dsym";
				ENABLE_NS_ASSERTIONS = NO;
				ENABLE_STRICT_OBJC_MSGSEND = YES;
				ENABLE_USER_SCRIPT_SANDBOXING = YES;
				GCC_C_LANGUAGE_STANDARD = gnu17;
				GCC_NO_COMMON_BLOCKS = YES;
				GCC_WARN_64_TO_32_BIT_CONVERSION = YES;
				GCC_WARN_ABOUT_RETURN_TYPE = YES_ERROR;
				GCC_WARN_UNDECLARED_SELECTOR = YES;
				GCC_WARN_UNINITIALIZED_AUTOS = YES_AGGRESSIVE;
				GCC_WARN_UNUSED_FUNCTION = YES;
				GCC_WARN_UNUSED_VARIABLE = YES;
				IPHONEOS_DEPLOYMENT_TARGET = 17.2;
				LOCALIZATION_PREFERS_STRING_CATALOGS = YES;
				MTL_ENABLE_DEBUG_INFO = NO;
				MTL_FAST_MATH = YES;
				SDKROOT = iphoneos;
				SWIFT_COMPILATION_MODE = wholemodule;
				VALIDATE_PRODUCT = YES;
			};
			name = Release;
		};
		82F3FEFD2C80C4B20090B040 /* Debug */ = {
			isa = XCBuildConfiguration;
			buildSettings = {
				ASSETCATALOG_COMPILER_APPICON_NAME = AppIcon;
				ASSETCATALOG_COMPILER_GLOBAL_ACCENT_COLOR_NAME = AccentColor;
				CODE_SIGN_STYLE = Automatic;
				CURRENT_PROJECT_VERSION = 1;
				DEVELOPMENT_ASSET_PATHS = "\"MVVMExample/Preview Content\"";
				DEVELOPMENT_TEAM = C4Q4GF44R7;
				ENABLE_PREVIEWS = YES;
				GENERATE_INFOPLIST_FILE = YES;
				INFOPLIST_KEY_UIApplicationSceneManifest_Generation = YES;
				INFOPLIST_KEY_UIApplicationSupportsIndirectInputEvents = YES;
				INFOPLIST_KEY_UILaunchScreen_Generation = YES;
				INFOPLIST_KEY_UISupportedInterfaceOrientations_iPad = "UIInterfaceOrientationPortrait UIInterfaceOrientationPortraitUpsideDown UIInterfaceOrientationLandscapeLeft UIInterfaceOrientationLandscapeRight";
				INFOPLIST_KEY_UISupportedInterfaceOrientations_iPhone = "UIInterfaceOrientationPortrait UIInterfaceOrientationLandscapeLeft UIInterfaceOrientationLandscapeRight";
				IPHONEOS_DEPLOYMENT_TARGET = 17.0;
				LD_RUNPATH_SEARCH_PATHS = (
					"$(inherited)",
					"@executable_path/Frameworks",
				);
				MARKETING_VERSION = 1.0;
				PRODUCT_BUNDLE_IDENTIFIER = com.goutham.MVVMExample;
				PRODUCT_NAME = "$(TARGET_NAME)";
				SWIFT_EMIT_LOC_STRINGS = YES;
				SWIFT_VERSION = 5.0;
				TARGETED_DEVICE_FAMILY = "1,2";
			};
			name = Debug;
		};
		82F3FEFE2C80C4B20090B040 /* Release */ = {
			isa = XCBuildConfiguration;
			buildSettings = {
				ASSETCATALOG_COMPILER_APPICON_NAME = AppIcon;
				ASSETCATALOG_COMPILER_GLOBAL_ACCENT_COLOR_NAME = AccentColor;
				CODE_SIGN_STYLE = Automatic;
				CURRENT_PROJECT_VERSION = 1;
				DEVELOPMENT_ASSET_PATHS = "\"MVVMExample/Preview Content\"";
				DEVELOPMENT_TEAM = C4Q4GF44R7;
				ENABLE_PREVIEWS = YES;
				GENERATE_INFOPLIST_FILE = YES;
				INFOPLIST_KEY_UIApplicationSceneManifest_Generation = YES;
				INFOPLIST_KEY_UIApplicationSupportsIndirectInputEvents = YES;
				INFOPLIST_KEY_UILaunchScreen_Generation = YES;
				INFOPLIST_KEY_UISupportedInterfaceOrientations_iPad = "UIInterfaceOrientationPortrait UIInterfaceOrientationPortraitUpsideDown UIInterfaceOrientationLandscapeLeft UIInterfaceOrientationLandscapeRight";
				INFOPLIST_KEY_UISupportedInterfaceOrientations_iPhone = "UIInterfaceOrientationPortrait UIInterfaceOrientationLandscapeLeft UIInterfaceOrientationLandscapeRight";
				IPHONEOS_DEPLOYMENT_TARGET = 17.0;
				LD_RUNPATH_SEARCH_PATHS = (
					"$(inherited)",
					"@executable_path/Frameworks",
				);
				MARKETING_VERSION = 1.0;
				PRODUCT_BUNDLE_IDENTIFIER = com.goutham.MVVMExample;
				PRODUCT_NAME = "$(TARGET_NAME)";
				SWIFT_EMIT_LOC_STRINGS = YES;
				SWIFT_VERSION = 5.0;
				TARGETED_DEVICE_FAMILY = "1,2";
			};
			name = Release;
		};
		82F3FF002C80C4B20090B040 /* Debug */ = {
			isa = XCBuildConfiguration;
			buildSettings = {
				ALWAYS_EMBED_SWIFT_STANDARD_LIBRARIES = YES;
				BUNDLE_LOADER = "$(TEST_HOST)";
				CODE_SIGN_STYLE = Automatic;
				CURRENT_PROJECT_VERSION = 1;
				DEVELOPMENT_TEAM = C4Q4GF44R7;
				GENERATE_INFOPLIST_FILE = YES;
				IPHONEOS_DEPLOYMENT_TARGET = 17.2;
				MARKETING_VERSION = 1.0;
				PRODUCT_BUNDLE_IDENTIFIER = com.goutham.MVVMExampleTests;
				PRODUCT_NAME = "$(TARGET_NAME)";
				SWIFT_EMIT_LOC_STRINGS = NO;
				SWIFT_VERSION = 5.0;
				TARGETED_DEVICE_FAMILY = "1,2";
				TEST_HOST = "$(BUILT_PRODUCTS_DIR)/MVVMExample.app/$(BUNDLE_EXECUTABLE_FOLDER_PATH)/MVVMExample";
			};
			name = Debug;
		};
		82F3FF012C80C4B20090B040 /* Release */ = {
			isa = XCBuildConfiguration;
			buildSettings = {
				ALWAYS_EMBED_SWIFT_STANDARD_LIBRARIES = YES;
				BUNDLE_LOADER = "$(TEST_HOST)";
				CODE_SIGN_STYLE = Automatic;
				CURRENT_PROJECT_VERSION = 1;
				DEVELOPMENT_TEAM = C4Q4GF44R7;
				GENERATE_INFOPLIST_FILE = YES;
				IPHONEOS_DEPLOYMENT_TARGET = 17.2;
				MARKETING_VERSION = 1.0;
				PRODUCT_BUNDLE_IDENTIFIER = com.goutham.MVVMExampleTests;
				PRODUCT_NAME = "$(TARGET_NAME)";
				SWIFT_EMIT_LOC_STRINGS = NO;
				SWIFT_VERSION = 5.0;
				TARGETED_DEVICE_FAMILY = "1,2";
				TEST_HOST = "$(BUILT_PRODUCTS_DIR)/MVVMExample.app/$(BUNDLE_EXECUTABLE_FOLDER_PATH)/MVVMExample";
			};
			name = Release;
		};
		82F3FF032C80C4B20090B040 /* Debug */ = {
			isa = XCBuildConfiguration;
			buildSettings = {
				ALWAYS_EMBED_SWIFT_STANDARD_LIBRARIES = YES;
				CODE_SIGN_STYLE = Automatic;
				CURRENT_PROJECT_VERSION = 1;
				DEVELOPMENT_TEAM = C4Q4GF44R7;
				GENERATE_INFOPLIST_FILE = YES;
				MARKETING_VERSION = 1.0;
				PRODUCT_BUNDLE_IDENTIFIER = com.goutham.MVVMExampleUITests;
				PRODUCT_NAME = "$(TARGET_NAME)";
				SWIFT_EMIT_LOC_STRINGS = NO;
				SWIFT_VERSION = 5.0;
				TARGETED_DEVICE_FAMILY = "1,2";
				TEST_TARGET_NAME = MVVMExample;
			};
			name = Debug;
		};
		82F3FF042C80C4B20090B040 /* Release */ = {
			isa = XCBuildConfiguration;
			buildSettings = {
				ALWAYS_EMBED_SWIFT_STANDARD_LIBRARIES = YES;
				CODE_SIGN_STYLE = Automatic;
				CURRENT_PROJECT_VERSION = 1;
				DEVELOPMENT_TEAM = C4Q4GF44R7;
				GENERATE_INFOPLIST_FILE = YES;
				MARKETING_VERSION = 1.0;
				PRODUCT_BUNDLE_IDENTIFIER = com.goutham.MVVMExampleUITests;
				PRODUCT_NAME = "$(TARGET_NAME)";
				SWIFT_EMIT_LOC_STRINGS = NO;
				SWIFT_VERSION = 5.0;
				TARGETED_DEVICE_FAMILY = "1,2";
				TEST_TARGET_NAME = MVVMExample;
			};
			name = Release;
		};
/* End XCBuildConfiguration section */

/* Begin XCConfigurationList section */
		82F3FECE2C80C4B10090B040 /* Build configuration list for PBXProject "MVVMExample" */ = {
			isa = XCConfigurationList;
			buildConfigurations = (
				82F3FEFA2C80C4B20090B040 /* Debug */,
				82F3FEFB2C80C4B20090B040 /* Release */,
			);
			defaultConfigurationIsVisible = 0;
			defaultConfigurationName = Release;
		};
		82F3FEFC2C80C4B20090B040 /* Build configuration list for PBXNativeTarget "MVVMExample" */ = {
			isa = XCConfigurationList;
			buildConfigurations = (
				82F3FEFD2C80C4B20090B040 /* Debug */,
				82F3FEFE2C80C4B20090B040 /* Release */,
			);
			defaultConfigurationIsVisible = 0;
			defaultConfigurationName = Release;
		};
		82F3FEFF2C80C4B20090B040 /* Build configuration list for PBXNativeTarget "MVVMExampleTests" */ = {
			isa = XCConfigurationList;
			buildConfigurations = (
				82F3FF002C80C4B20090B040 /* Debug */,
				82F3FF012C80C4B20090B040 /* Release */,
			);
			defaultConfigurationIsVisible = 0;
			defaultConfigurationName = Release;
		};
		82F3FF022C80C4B20090B040 /* Build configuration list for PBXNativeTarget "MVVMExampleUITests" */ = {
			isa = XCConfigurationList;
			buildConfigurations = (
				82F3FF032C80C4B20090B040 /* Debug */,
				82F3FF042C80C4B20090B040 /* Release */,
			);
			defaultConfigurationIsVisible = 0;
			defaultConfigurationName = Release;
		};
/* End XCConfigurationList section */

/* Begin XCVersionGroup section */
		82F3FEE12C80C4B20090B040 /* MVVMExample.xcdatamodeld */ = {
			isa = XCVersionGroup;
			children = (
				82F3FEE22C80C4B20090B040 /* MVVMExample.xcdatamodel */,
			);
			currentVersion = 82F3FEE22C80C4B20090B040 /* MVVMExample.xcdatamodel */;
			path = MVVMExample.xcdatamodeld;
			sourceTree = "<group>";
			versionGroupType = wrapper.xcdatamodel;
		};
/* End XCVersionGroup section */
	};
	rootObject = 82F3FECB2C80C4B10090B040 /* Project object */;
}
